
Microsoft Visual Studio Solution File, Format Version 12.00
# Visual Studio Version 17
VisualStudioVersion = 17.0.32112.339
MinimumVisualStudioVersion = 10.0.40219.1
Project("{FAE04EC0-301F-11D3-BF4B-00C04F79EFBC}") = "EventPlanner", "EventPlanner.csproj", "{65EE01BD-33C8-4904-B334-C8AF19A3266D}"
EndProject
Global
	GlobalSection(SolutionConfigurationPlatforms) = preSolution
		Debug|Any CPU = Debug|Any CPU
		Release|Any CPU = Release|Any CPU
	EndGlobalSection
	GlobalSection(ProjectConfigurationPlatforms) = postSolution
		{65EE01BD-33C8-4904-B334-C8AF19A3266D}.Debug|Any CPU.ActiveCfg = Debug|Any CPU
		{65EE01BD-33C8-4904-B334-C8AF19A3266D}.Debug|Any CPU.Build.0 = Debug|Any CPU
		{65EE01BD-33C8-4904-B334-C8AF19A3266D}.Release|Any CPU.ActiveCfg = Release|Any CPU
		{65EE01BD-33C8-4904-B334-C8AF19A3266D}.Release|Any CPU.Build.0 = Release|Any CPU
	EndGlobalSection
	GlobalSection(SolutionProperties) = preSolution
		HideSolutionNode = FALSE
	EndGlobalSection
	GlobalSection(ExtensibilityGlobals) = postSolution
		SolutionGuid = {0ADF5EF6-7C1D-4F85-8D04-D039C212FC70}
	EndGlobalSection
EndGlobal
